
Microsoft Visual Studio Solution File, Format Version 12.00
# Visual Studio 15
VisualStudioVersion = 15.0.28010.2026
MinimumVisualStudioVersion = 10.0.40219.1
Project("{FAE04EC0-301F-11D3-BF4B-00C04F79EFBC}") = "Rozbudowana biblioteka", "Rozbudowana biblioteka\Rozbudowana biblioteka.csproj", "{9C15F54D-1052-4EFA-A11B-DE951942B799}"
EndProject
Global
	GlobalSection(SolutionConfigurationPlatforms) = preSolution
		Debug|Any CPU = Debug|Any CPU
		Release|Any CPU = Release|Any CPU
	EndGlobalSection
	GlobalSection(ProjectConfigurationPlatforms) = postSolution
		{9C15F54D-1052-4EFA-A11B-DE951942B799}.Debug|Any CPU.ActiveCfg = Debug|Any CPU
		{9C15F54D-1052-4EFA-A11B-DE951942B799}.Debug|Any CPU.Build.0 = Debug|Any CPU
		{9C15F54D-1052-4EFA-A11B-DE951942B799}.Release|Any CPU.ActiveCfg = Release|Any CPU
		{9C15F54D-1052-4EFA-A11B-DE951942B799}.Release|Any CPU.Build.0 = Release|Any CPU
	EndGlobalSection
	GlobalSection(SolutionProperties) = preSolution
		HideSolutionNode = FALSE
	EndGlobalSection
	GlobalSection(ExtensibilityGlobals) = postSolution
		SolutionGuid = {45D3DCC6-481C-40C8-9999-63454D937693}
	EndGlobalSection
EndGlobal
